
Microsoft Visual Studio Solution File, Format Version 12.00
# Visual Studio Version 16
VisualStudioVersion = 25.0.1704.0
MinimumVisualStudioVersion = 10.0.40219.1
Project("{FAE04EC0-301F-11D3-BF4B-00C04F79EFBC}") = "CurrentAccountService", "CurrentAccountService\CurrentAccountService.csproj", "{408294F3-F53A-43E2-A731-0B9513FA769F}"
EndProject
Project("{FAE04EC0-301F-11D3-BF4B-00C04F79EFBC}") = "CurrentAccountService.Test", "CurrentAccountService.Test\CurrentAccountService.Test.csproj", "{9F2DA2B0-0288-4A70-A356-F44269F11C0E}"
EndProject
Project("{2150E333-8FDC-42A3-9474-1A3956D46DE8}") = "Solution Items", "Solution Items", "{F71A590B-FE3F-4B52-B90C-9F9F2FF1AEAF}"
	ProjectSection(SolutionItems) = preProject
		.editorconfig = .editorconfig
	EndProjectSection
EndProject
Global
	GlobalSection(SolutionConfigurationPlatforms) = preSolution
		Debug|Any CPU = Debug|Any CPU
		Release|Any CPU = Release|Any CPU
	EndGlobalSection
	GlobalSection(ProjectConfigurationPlatforms) = postSolution
		{408294F3-F53A-43E2-A731-0B9513FA769F}.Debug|Any CPU.ActiveCfg = Debug|Any CPU
		{408294F3-F53A-43E2-A731-0B9513FA769F}.Debug|Any CPU.Build.0 = Debug|Any CPU
		{408294F3-F53A-43E2-A731-0B9513FA769F}.Release|Any CPU.ActiveCfg = Release|Any CPU
		{408294F3-F53A-43E2-A731-0B9513FA769F}.Release|Any CPU.Build.0 = Release|Any CPU
		{9F2DA2B0-0288-4A70-A356-F44269F11C0E}.Debug|Any CPU.ActiveCfg = Debug|Any CPU
		{9F2DA2B0-0288-4A70-A356-F44269F11C0E}.Debug|Any CPU.Build.0 = Debug|Any CPU
		{9F2DA2B0-0288-4A70-A356-F44269F11C0E}.Release|Any CPU.ActiveCfg = Release|Any CPU
		{9F2DA2B0-0288-4A70-A356-F44269F11C0E}.Release|Any CPU.Build.0 = Release|Any CPU
	EndGlobalSection
	GlobalSection(SolutionProperties) = preSolution
		HideSolutionNode = FALSE
	EndGlobalSection
	GlobalSection(ExtensibilityGlobals) = postSolution
		SolutionGuid = {2F8CCF57-9112-4EC0-85A7-BAEBBCFA8EF2}
	EndGlobalSection
EndGlobal
